
Microsoft Visual Studio Solution File, Format Version 12.00
# Visual Studio 15
VisualStudioVersion = 15.0.28010.2026
MinimumVisualStudioVersion = 10.0.40219.1
Project("{FAE04EC0-301F-11D3-BF4B-00C04F79EFBC}") = "StudentTeacherPrototype", "StudentTeacherPrototype\StudentTeacherPrototype.csproj", "{C040CA13-64F7-44F6-AE66-7AB99796B7B5}"
EndProject
Global
	GlobalSection(SolutionConfigurationPlatforms) = preSolution
		Debug|Any CPU = Debug|Any CPU
		Release|Any CPU = Release|Any CPU
	EndGlobalSection
	GlobalSection(ProjectConfigurationPlatforms) = postSolution
		{C040CA13-64F7-44F6-AE66-7AB99796B7B5}.Debug|Any CPU.ActiveCfg = Debug|Any CPU
		{C040CA13-64F7-44F6-AE66-7AB99796B7B5}.Debug|Any CPU.Build.0 = Debug|Any CPU
		{C040CA13-64F7-44F6-AE66-7AB99796B7B5}.Release|Any CPU.ActiveCfg = Release|Any CPU
		{C040CA13-64F7-44F6-AE66-7AB99796B7B5}.Release|Any CPU.Build.0 = Release|Any CPU
	EndGlobalSection
	GlobalSection(SolutionProperties) = preSolution
		HideSolutionNode = FALSE
	EndGlobalSection
	GlobalSection(ExtensibilityGlobals) = postSolution
		SolutionGuid = {9C2AA169-FB46-4C5B-AB58-083F22416131}
	EndGlobalSection
EndGlobal
